
Microsoft Visual Studio Solution File, Format Version 11.00
# Visual Studio 2010
Project("{2150E333-8FDC-42A3-9474-1A3956D46DE8}") = "Builder", "Builder", "{543FA872-0A4C-4081-8A71-7269977B1B1C}"
EndProject
Project("{FAE04EC0-301F-11D3-BF4B-00C04F79EFBC}") = "CodeHelper", "CodeHelper\CodeHelper.csproj", "{CBE47089-9D43-4943-A388-5192953C40C4}"
EndProject
Project("{FAE04EC0-301F-11D3-BF4B-00C04F79EFBC}") = "AddInManager", "AddInManager\AddInManager.csproj", "{5648140C-04A7-4FB5-8EA7-FED5DFD26B4C}"
EndProject
Project("{FAE04EC0-301F-11D3-BF4B-00C04F79EFBC}") = "CodeBuild", "CodeBuild\CodeBuild.csproj", "{06A653C6-834F-4FD8-A1DF-4D107131E2FB}"
EndProject
Project("{FAE04EC0-301F-11D3-BF4B-00C04F79EFBC}") = "Codematic", "CodeMatic\Codematic.csproj", "{D7AFE5A2-76F8-45A2-8A2D-E4698312873E}"
EndProject
Project("{FAE04EC0-301F-11D3-BF4B-00C04F79EFBC}") = "DBFactory", "DBFactory\DBFactory.csproj", "{D2A22092-453A-4CAD-898E-24013950D124}"
EndProject
Project("{FAE04EC0-301F-11D3-BF4B-00C04F79EFBC}") = "DbObjects", "DbObject\DbObjects.csproj", "{DE024517-2FCC-45E7-9202-710EED1CF5A3}"
EndProject
Project("{FAE04EC0-301F-11D3-BF4B-00C04F79EFBC}") = "IBuilder", "IBuilder\IBuilder.csproj", "{8FE4345A-3495-4597-BC6F-9C6D7D48B149}"
EndProject
Project("{FAE04EC0-301F-11D3-BF4B-00C04F79EFBC}") = "IDBO", "IDbObject\IDBO.csproj", "{EEE41BE0-CCD0-413F-8455-EBA28E1385E5}"
EndProject
Project("{FAE04EC0-301F-11D3-BF4B-00C04F79EFBC}") = "LTPTextEditor", "LTPTextEditor\LTPTextEditor.csproj", "{BD86B1FF-9B25-4ACE-8676-E63D5E6F2C45}"
EndProject
Project("{FAE04EC0-301F-11D3-BF4B-00C04F79EFBC}") = "Utility", "Utility\Utility.csproj", "{15F54374-E676-40F3-B291-13E39A423338}"
EndProject
Project("{FAE04EC0-301F-11D3-BF4B-00C04F79EFBC}") = "VSProject", "VSProject\VSProject.csproj", "{597B02E2-D58D-47E5-95F5-DA9BE986EF29}"
EndProject
Project("{FAE04EC0-301F-11D3-BF4B-00C04F79EFBC}") = "CmConfig", "CmConfig\CmConfig.csproj", "{DC4F125A-E712-438E-B15E-76C3629E0E53}"
EndProject
Project("{FAE04EC0-301F-11D3-BF4B-00C04F79EFBC}") = "BuilderDALELParam", "Builder\BuilderDALELParam\BuilderDALELParam.csproj", "{F998A3EB-A7C8-4572-ACE2-FD58F6E9562B}"
EndProject
Project("{FAE04EC0-301F-11D3-BF4B-00C04F79EFBC}") = "BuilderDALParam", "Builder\BuilderDALParam\BuilderDALParam.csproj", "{AA674935-EE79-4A95-A13B-1E5CE8738B56}"
EndProject
Project("{FAE04EC0-301F-11D3-BF4B-00C04F79EFBC}") = "BuilderDALProc", "Builder\BuilderDALProc\BuilderDALProc.csproj", "{3D640E34-5050-4B96-8800-315FF9EB5E23}"
EndProject
Project("{FAE04EC0-301F-11D3-BF4B-00C04F79EFBC}") = "BuilderDALSQL", "Builder\BuilderDALSQL\BuilderDALSQL.csproj", "{0ED67C0E-B710-44E5-8F87-59838E5BDBF6}"
EndProject
Project("{FAE04EC0-301F-11D3-BF4B-00C04F79EFBC}") = "BuilderDALTranParam", "Builder\BuilderDALTranParam\BuilderDALTranParam.csproj", "{78FD809C-43FE-43EF-9A1E-AE91F358585D}"
EndProject
Project("{FAE04EC0-301F-11D3-BF4B-00C04F79EFBC}") = "BuilderDALELProc", "Builder\BuilderDAELLProc\BuilderDALELProc.csproj", "{B3EF95AE-944A-4638-AFC6-80786C724214}"
EndProject
Project("{FAE04EC0-301F-11D3-BF4B-00C04F79EFBC}") = "BuilderDALELSQL", "Builder\BuilderDALELSQL\BuilderDALELSQL.csproj", "{16229504-2E90-42E7-9BE9-185725FEC76E}"
EndProject
Project("{FAE04EC0-301F-11D3-BF4B-00C04F79EFBC}") = "BuilderBLLComm", "Builder\BuilderBLLComm\BuilderBLLComm.csproj", "{263E5EB9-C901-442F-8E3E-7CE38B59D8F2}"
EndProject
Project("{FAE04EC0-301F-11D3-BF4B-00C04F79EFBC}") = "BuilderModel", "Builder\BuilderModel\BuilderModel.csproj", "{2F038593-3BCA-48F7-AFFE-796F1DE0CAB1}"
EndProject
Project("{FAE04EC0-301F-11D3-BF4B-00C04F79EFBC}") = "BuilderWeb", "Builder\BuilderWeb\BuilderWeb.csproj", "{52D7457C-FD3A-4F39-9704-FF66A7A5F00A}"
EndProject
Project("{FAE04EC0-301F-11D3-BF4B-00C04F79EFBC}") = "BuilderDALIBatisNet", "Builder\BuilderDALIBatisNet\BuilderDALIBatisNet.csproj", "{99CE6BCE-80F4-4749-B551-C0156DC23073}"
EndProject
Project("{FAE04EC0-301F-11D3-BF4B-00C04F79EFBC}") = "BuilderDALIBatisNetMapXML", "Builder\BuilderDALIBatisNetMapXML\BuilderDALIBatisNetMapXML.csproj", "{60CB7D74-7627-4863-929A-35A236B18CBD}"
EndProject
Project("{FAE04EC0-301F-11D3-BF4B-00C04F79EFBC}") = "BuilderWebMVC", "Builder\BuilderWebMVC\BuilderWebMVC.csproj", "{72660756-83A0-4768-913F-BB9ED585DC96}"
EndProject
Project("{FAE04EC0-301F-11D3-BF4B-00C04F79EFBC}") = "Engine", "Engine\Engine.csproj", "{B76D8E45-B21F-4A00-89D4-E3EBE6A05D89}"
EndProject
Project("{FAE04EC0-301F-11D3-BF4B-00C04F79EFBC}") = "BuilderIDAL", "Builder\BuilderIDAL\BuilderIDAL.csproj", "{829C4CE6-21DE-4A18-ACE1-652897B0AADF}"
EndProject
Project("{FAE04EC0-301F-11D3-BF4B-00C04F79EFBC}") = "BuilderDALTranMParam", "Builder\BuilderDALTranMParam\BuilderDALTranMParam.csproj", "{6D2FC493-1326-49A6-903F-E6F775A57CCE}"
EndProject
Global
	GlobalSection(SolutionConfigurationPlatforms) = preSolution
		Debug|.NET = Debug|.NET
		Debug|Any CPU = Debug|Any CPU
		Debug|Mixed Platforms = Debug|Mixed Platforms
		Release|.NET = Release|.NET
		Release|Any CPU = Release|Any CPU
		Release|Mixed Platforms = Release|Mixed Platforms
	EndGlobalSection
	GlobalSection(ProjectConfigurationPlatforms) = postSolution
		{CBE47089-9D43-4943-A388-5192953C40C4}.Debug|.NET.ActiveCfg = Debug|Any CPU
		{CBE47089-9D43-4943-A388-5192953C40C4}.Debug|Any CPU.ActiveCfg = Debug|Any CPU
		{CBE47089-9D43-4943-A388-5192953C40C4}.Debug|Any CPU.Build.0 = Debug|Any CPU
		{CBE47089-9D43-4943-A388-5192953C40C4}.Debug|Mixed Platforms.ActiveCfg = Debug|Any CPU
		{CBE47089-9D43-4943-A388-5192953C40C4}.Debug|Mixed Platforms.Build.0 = Debug|Any CPU
		{CBE47089-9D43-4943-A388-5192953C40C4}.Release|.NET.ActiveCfg = Release|Any CPU
		{CBE47089-9D43-4943-A388-5192953C40C4}.Release|Any CPU.ActiveCfg = Release|Any CPU
		{CBE47089-9D43-4943-A388-5192953C40C4}.Release|Any CPU.Build.0 = Release|Any CPU
		{CBE47089-9D43-4943-A388-5192953C40C4}.Release|Mixed Platforms.ActiveCfg = Release|Any CPU
		{CBE47089-9D43-4943-A388-5192953C40C4}.Release|Mixed Platforms.Build.0 = Release|Any CPU
		{5648140C-04A7-4FB5-8EA7-FED5DFD26B4C}.Debug|.NET.ActiveCfg = Debug|Any CPU
		{5648140C-04A7-4FB5-8EA7-FED5DFD26B4C}.Debug|Any CPU.ActiveCfg = Debug|Any CPU
		{5648140C-04A7-4FB5-8EA7-FED5DFD26B4C}.Debug|Any CPU.Build.0 = Debug|Any CPU
		{5648140C-04A7-4FB5-8EA7-FED5DFD26B4C}.Debug|Mixed Platforms.ActiveCfg = Debug|Any CPU
		{5648140C-04A7-4FB5-8EA7-FED5DFD26B4C}.Debug|Mixed Platforms.Build.0 = Debug|Any CPU
		{5648140C-04A7-4FB5-8EA7-FED5DFD26B4C}.Release|.NET.ActiveCfg = Release|Any CPU
		{5648140C-04A7-4FB5-8EA7-FED5DFD26B4C}.Release|Any CPU.ActiveCfg = Release|Any CPU
		{5648140C-04A7-4FB5-8EA7-FED5DFD26B4C}.Release|Any CPU.Build.0 = Release|Any CPU
		{5648140C-04A7-4FB5-8EA7-FED5DFD26B4C}.Release|Mixed Platforms.ActiveCfg = Release|Any CPU
		{5648140C-04A7-4FB5-8EA7-FED5DFD26B4C}.Release|Mixed Platforms.Build.0 = Release|Any CPU
		{06A653C6-834F-4FD8-A1DF-4D107131E2FB}.Debug|.NET.ActiveCfg = Debug|Any CPU
		{06A653C6-834F-4FD8-A1DF-4D107131E2FB}.Debug|Any CPU.ActiveCfg = Debug|Any CPU
		{06A653C6-834F-4FD8-A1DF-4D107131E2FB}.Debug|Any CPU.Build.0 = Debug|Any CPU
		{06A653C6-834F-4FD8-A1DF-4D107131E2FB}.Debug|Mixed Platforms.ActiveCfg = Debug|Any CPU
		{06A653C6-834F-4FD8-A1DF-4D107131E2FB}.Debug|Mixed Platforms.Build.0 = Debug|Any CPU
		{06A653C6-834F-4FD8-A1DF-4D107131E2FB}.Release|.NET.ActiveCfg = Release|Any CPU
		{06A653C6-834F-4FD8-A1DF-4D107131E2FB}.Release|Any CPU.ActiveCfg = Release|Any CPU
		{06A653C6-834F-4FD8-A1DF-4D107131E2FB}.Release|Any CPU.Build.0 = Release|Any CPU
		{06A653C6-834F-4FD8-A1DF-4D107131E2FB}.Release|Mixed Platforms.ActiveCfg = Release|Any CPU
		{06A653C6-834F-4FD8-A1DF-4D107131E2FB}.Release|Mixed Platforms.Build.0 = Release|Any CPU
		{D7AFE5A2-76F8-45A2-8A2D-E4698312873E}.Debug|.NET.ActiveCfg = Debug|Any CPU
		{D7AFE5A2-76F8-45A2-8A2D-E4698312873E}.Debug|Any CPU.ActiveCfg = Debug|Any CPU
		{D7AFE5A2-76F8-45A2-8A2D-E4698312873E}.Debug|Any CPU.Build.0 = Debug|Any CPU
		{D7AFE5A2-76F8-45A2-8A2D-E4698312873E}.Debug|Mixed Platforms.ActiveCfg = Debug|Any CPU
		{D7AFE5A2-76F8-45A2-8A2D-E4698312873E}.Debug|Mixed Platforms.Build.0 = Debug|Any CPU
		{D7AFE5A2-76F8-45A2-8A2D-E4698312873E}.Release|.NET.ActiveCfg = Release|Any CPU
		{D7AFE5A2-76F8-45A2-8A2D-E4698312873E}.Release|Any CPU.ActiveCfg = Release|Any CPU
		{D7AFE5A2-76F8-45A2-8A2D-E4698312873E}.Release|Any CPU.Build.0 = Release|Any CPU
		{D7AFE5A2-76F8-45A2-8A2D-E4698312873E}.Release|Mixed Platforms.ActiveCfg = Release|Any CPU
		{D7AFE5A2-76F8-45A2-8A2D-E4698312873E}.Release|Mixed Platforms.Build.0 = Release|Any CPU
		{D2A22092-453A-4CAD-898E-24013950D124}.Debug|.NET.ActiveCfg = Debug|Any CPU
		{D2A22092-453A-4CAD-898E-24013950D124}.Debug|Any CPU.ActiveCfg = Debug|Any CPU
		{D2A22092-453A-4CAD-898E-24013950D124}.Debug|Any CPU.Build.0 = Debug|Any CPU
		{D2A22092-453A-4CAD-898E-24013950D124}.Debug|Mixed Platforms.ActiveCfg = Debug|Any CPU
		{D2A22092-453A-4CAD-898E-24013950D124}.Debug|Mixed Platforms.Build.0 = Debug|Any CPU
		{D2A22092-453A-4CAD-898E-24013950D124}.Release|.NET.ActiveCfg = Release|Any CPU
		{D2A22092-453A-4CAD-898E-24013950D124}.Release|Any CPU.ActiveCfg = Release|Any CPU
		{D2A22092-453A-4CAD-898E-24013950D124}.Release|Any CPU.Build.0 = Release|Any CPU
		{D2A22092-453A-4CAD-898E-24013950D124}.Release|Mixed Platforms.ActiveCfg = Release|Any CPU
		{D2A22092-453A-4CAD-898E-24013950D124}.Release|Mixed Platforms.Build.0 = Release|Any CPU
		{DE024517-2FCC-45E7-9202-710EED1CF5A3}.Debug|.NET.ActiveCfg = Debug|Any CPU
		{DE024517-2FCC-45E7-9202-710EED1CF5A3}.Debug|Any CPU.ActiveCfg = Debug|Any CPU
		{DE024517-2FCC-45E7-9202-710EED1CF5A3}.Debug|Any CPU.Build.0 = Debug|Any CPU
		{DE024517-2FCC-45E7-9202-710EED1CF5A3}.Debug|Mixed Platforms.ActiveCfg = Debug|Any CPU
		{DE024517-2FCC-45E7-9202-710EED1CF5A3}.Debug|Mixed Platforms.Build.0 = Debug|Any CPU
		{DE024517-2FCC-45E7-9202-710EED1CF5A3}.Release|.NET.ActiveCfg = Release|Any CPU
		{DE024517-2FCC-45E7-9202-710EED1CF5A3}.Release|Any CPU.ActiveCfg = Release|Any CPU
		{DE024517-2FCC-45E7-9202-710EED1CF5A3}.Release|Any CPU.Build.0 = Release|Any CPU
		{DE024517-2FCC-45E7-9202-710EED1CF5A3}.Release|Mixed Platforms.ActiveCfg = Release|Any CPU
		{DE024517-2FCC-45E7-9202-710EED1CF5A3}.Release|Mixed Platforms.Build.0 = Release|Any CPU
		{8FE4345A-3495-4597-BC6F-9C6D7D48B149}.Debug|.NET.ActiveCfg = Debug|Any CPU
		{8FE4345A-3495-4597-BC6F-9C6D7D48B149}.Debug|Any CPU.ActiveCfg = Debug|Any CPU
		{8FE4345A-3495-4597-BC6F-9C6D7D48B149}.Debug|Any CPU.Build.0 = Debug|Any CPU
		{8FE4345A-3495-4597-BC6F-9C6D7D48B149}.Debug|Mixed Platforms.ActiveCfg = Debug|Any CPU
		{8FE4345A-3495-4597-BC6F-9C6D7D48B149}.Debug|Mixed Platforms.Build.0 = Debug|Any CPU
		{8FE4345A-3495-4597-BC6F-9C6D7D48B149}.Release|.NET.ActiveCfg = Release|Any CPU
		{8FE4345A-3495-4597-BC6F-9C6D7D48B149}.Release|Any CPU.ActiveCfg = Release|Any CPU
		{8FE4345A-3495-4597-BC6F-9C6D7D48B149}.Release|Any CPU.Build.0 = Release|Any CPU
		{8FE4345A-3495-4597-BC6F-9C6D7D48B149}.Release|Mixed Platforms.ActiveCfg = Release|Any CPU
		{8FE4345A-3495-4597-BC6F-9C6D7D48B149}.Release|Mixed Platforms.Build.0 = Release|Any CPU
		{EEE41BE0-CCD0-413F-8455-EBA28E1385E5}.Debug|.NET.ActiveCfg = Debug|Any CPU
		{EEE41BE0-CCD0-413F-8455-EBA28E1385E5}.Debug|Any CPU.ActiveCfg = Debug|Any CPU
		{EEE41BE0-CCD0-413F-8455-EBA28E1385E5}.Debug|Any CPU.Build.0 = Debug|Any CPU
		{EEE41BE0-CCD0-413F-8455-EBA28E1385E5}.Debug|Mixed Platforms.ActiveCfg = Debug|Any CPU
		{EEE41BE0-CCD0-413F-8455-EBA28E1385E5}.Debug|Mixed Platforms.Build.0 = Debug|Any CPU
		{EEE41BE0-CCD0-413F-8455-EBA28E1385E5}.Release|.NET.ActiveCfg = Release|Any CPU
		{EEE41BE0-CCD0-413F-8455-EBA28E1385E5}.Release|Any CPU.ActiveCfg = Release|Any CPU
		{EEE41BE0-CCD0-413F-8455-EBA28E1385E5}.Release|Any CPU.Build.0 = Release|Any CPU
		{EEE41BE0-CCD0-413F-8455-EBA28E1385E5}.Release|Mixed Platforms.ActiveCfg = Release|Any CPU
		{EEE41BE0-CCD0-413F-8455-EBA28E1385E5}.Release|Mixed Platforms.Build.0 = Release|Any CPU
		{BD86B1FF-9B25-4ACE-8676-E63D5E6F2C45}.Debug|.NET.ActiveCfg = Debug|Any CPU
		{BD86B1FF-9B25-4ACE-8676-E63D5E6F2C45}.Debug|Any CPU.ActiveCfg = Debug|Any CPU
		{BD86B1FF-9B25-4ACE-8676-E63D5E6F2C45}.Debug|Any CPU.Build.0 = Debug|Any CPU
		{BD86B1FF-9B25-4ACE-8676-E63D5E6F2C45}.Debug|Mixed Platforms.ActiveCfg = Debug|Any CPU
		{BD86B1FF-9B25-4ACE-8676-E63D5E6F2C45}.Debug|Mixed Platforms.Build.0 = Debug|Any CPU
		{BD86B1FF-9B25-4ACE-8676-E63D5E6F2C45}.Release|.NET.ActiveCfg = Release|Any CPU
		{BD86B1FF-9B25-4ACE-8676-E63D5E6F2C45}.Release|Any CPU.ActiveCfg = Release|Any CPU
		{BD86B1FF-9B25-4ACE-8676-E63D5E6F2C45}.Release|Any CPU.Build.0 = Release|Any CPU
		{BD86B1FF-9B25-4ACE-8676-E63D5E6F2C45}.Release|Mixed Platforms.ActiveCfg = Release|Any CPU
		{BD86B1FF-9B25-4ACE-8676-E63D5E6F2C45}.Release|Mixed Platforms.Build.0 = Release|Any CPU
		{15F54374-E676-40F3-B291-13E39A423338}.Debug|.NET.ActiveCfg = Debug|Any CPU
		{15F54374-E676-40F3-B291-13E39A423338}.Debug|Any CPU.ActiveCfg = Debug|Any CPU
		{15F54374-E676-40F3-B291-13E39A423338}.Debug|Any CPU.Build.0 = Debug|Any CPU
		{15F54374-E676-40F3-B291-13E39A423338}.Debug|Mixed Platforms.ActiveCfg = Debug|Any CPU
		{15F54374-E676-40F3-B291-13E39A423338}.Debug|Mixed Platforms.Build.0 = Debug|Any CPU
		{15F54374-E676-40F3-B291-13E39A423338}.Release|.NET.ActiveCfg = Release|Any CPU
		{15F54374-E676-40F3-B291-13E39A423338}.Release|Any CPU.ActiveCfg = Release|Any CPU
		{15F54374-E676-40F3-B291-13E39A423338}.Release|Any CPU.Build.0 = Release|Any CPU
		{15F54374-E676-40F3-B291-13E39A423338}.Release|Mixed Platforms.ActiveCfg = Release|Any CPU
		{15F54374-E676-40F3-B291-13E39A423338}.Release|Mixed Platforms.Build.0 = Release|Any CPU
		{597B02E2-D58D-47E5-95F5-DA9BE986EF29}.Debug|.NET.ActiveCfg = Debug|Any CPU
		{597B02E2-D58D-47E5-95F5-DA9BE986EF29}.Debug|Any CPU.ActiveCfg = Debug|Any CPU
		{597B02E2-D58D-47E5-95F5-DA9BE986EF29}.Debug|Any CPU.Build.0 = Debug|Any CPU
		{597B02E2-D58D-47E5-95F5-DA9BE986EF29}.Debug|Mixed Platforms.ActiveCfg = Debug|Any CPU
		{597B02E2-D58D-47E5-95F5-DA9BE986EF29}.Debug|Mixed Platforms.Build.0 = Debug|Any CPU
		{597B02E2-D58D-47E5-95F5-DA9BE986EF29}.Release|.NET.ActiveCfg = Release|Any CPU
		{597B02E2-D58D-47E5-95F5-DA9BE986EF29}.Release|Any CPU.ActiveCfg = Release|Any CPU
		{597B02E2-D58D-47E5-95F5-DA9BE986EF29}.Release|Any CPU.Build.0 = Release|Any CPU
		{597B02E2-D58D-47E5-95F5-DA9BE986EF29}.Release|Mixed Platforms.ActiveCfg = Release|Any CPU
		{597B02E2-D58D-47E5-95F5-DA9BE986EF29}.Release|Mixed Platforms.Build.0 = Release|Any CPU
		{DC4F125A-E712-438E-B15E-76C3629E0E53}.Debug|.NET.ActiveCfg = Debug|Any CPU
		{DC4F125A-E712-438E-B15E-76C3629E0E53}.Debug|Any CPU.ActiveCfg = Debug|Any CPU
		{DC4F125A-E712-438E-B15E-76C3629E0E53}.Debug|Any CPU.Build.0 = Debug|Any CPU
		{DC4F125A-E712-438E-B15E-76C3629E0E53}.Debug|Mixed Platforms.ActiveCfg = Debug|Any CPU
		{DC4F125A-E712-438E-B15E-76C3629E0E53}.Debug|Mixed Platforms.Build.0 = Debug|Any CPU
		{DC4F125A-E712-438E-B15E-76C3629E0E53}.Release|.NET.ActiveCfg = Release|Any CPU
		{DC4F125A-E712-438E-B15E-76C3629E0E53}.Release|Any CPU.ActiveCfg = Release|Any CPU
		{DC4F125A-E712-438E-B15E-76C3629E0E53}.Release|Any CPU.Build.0 = Release|Any CPU
		{DC4F125A-E712-438E-B15E-76C3629E0E53}.Release|Mixed Platforms.ActiveCfg = Release|Any CPU
		{DC4F125A-E712-438E-B15E-76C3629E0E53}.Release|Mixed Platforms.Build.0 = Release|Any CPU
		{F998A3EB-A7C8-4572-ACE2-FD58F6E9562B}.Debug|.NET.ActiveCfg = Debug|Any CPU
		{F998A3EB-A7C8-4572-ACE2-FD58F6E9562B}.Debug|Any CPU.ActiveCfg = Debug|Any CPU
		{F998A3EB-A7C8-4572-ACE2-FD58F6E9562B}.Debug|Any CPU.Build.0 = Debug|Any CPU
		{F998A3EB-A7C8-4572-ACE2-FD58F6E9562B}.Debug|Mixed Platforms.ActiveCfg = Debug|Any CPU
		{F998A3EB-A7C8-4572-ACE2-FD58F6E9562B}.Debug|Mixed Platforms.Build.0 = Debug|Any CPU
		{F998A3EB-A7C8-4572-ACE2-FD58F6E9562B}.Release|.NET.ActiveCfg = Release|Any CPU
		{F998A3EB-A7C8-4572-ACE2-FD58F6E9562B}.Release|Any CPU.ActiveCfg = Release|Any CPU
		{F998A3EB-A7C8-4572-ACE2-FD58F6E9562B}.Release|Any CPU.Build.0 = Release|Any CPU
		{F998A3EB-A7C8-4572-ACE2-FD58F6E9562B}.Release|Mixed Platforms.ActiveCfg = Release|Any CPU
		{F998A3EB-A7C8-4572-ACE2-FD58F6E9562B}.Release|Mixed Platforms.Build.0 = Release|Any CPU
		{AA674935-EE79-4A95-A13B-1E5CE8738B56}.Debug|.NET.ActiveCfg = Debug|Any CPU
		{AA674935-EE79-4A95-A13B-1E5CE8738B56}.Debug|Any CPU.ActiveCfg = Debug|Any CPU
		{AA674935-EE79-4A95-A13B-1E5CE8738B56}.Debug|Any CPU.Build.0 = Debug|Any CPU
		{AA674935-EE79-4A95-A13B-1E5CE8738B56}.Debug|Mixed Platforms.ActiveCfg = Debug|Any CPU
		{AA674935-EE79-4A95-A13B-1E5CE8738B56}.Debug|Mixed Platforms.Build.0 = Debug|Any CPU
		{AA674935-EE79-4A95-A13B-1E5CE8738B56}.Release|.NET.ActiveCfg = Release|Any CPU
		{AA674935-EE79-4A95-A13B-1E5CE8738B56}.Release|Any CPU.ActiveCfg = Release|Any CPU
		{AA674935-EE79-4A95-A13B-1E5CE8738B56}.Release|Any CPU.Build.0 = Release|Any CPU
		{AA674935-EE79-4A95-A13B-1E5CE8738B56}.Release|Mixed Platforms.ActiveCfg = Release|Any CPU
		{AA674935-EE79-4A95-A13B-1E5CE8738B56}.Release|Mixed Platforms.Build.0 = Release|Any CPU
		{3D640E34-5050-4B96-8800-315FF9EB5E23}.Debug|.NET.ActiveCfg = Debug|Any CPU
		{3D640E34-5050-4B96-8800-315FF9EB5E23}.Debug|Any CPU.ActiveCfg = Debug|Any CPU
		{3D640E34-5050-4B96-8800-315FF9EB5E23}.Debug|Any CPU.Build.0 = Debug|Any CPU
		{3D640E34-5050-4B96-8800-315FF9EB5E23}.Debug|Mixed Platforms.ActiveCfg = Debug|Any CPU
		{3D640E34-5050-4B96-8800-315FF9EB5E23}.Debug|Mixed Platforms.Build.0 = Debug|Any CPU
		{3D640E34-5050-4B96-8800-315FF9EB5E23}.Release|.NET.ActiveCfg = Release|Any CPU
		{3D640E34-5050-4B96-8800-315FF9EB5E23}.Release|Any CPU.ActiveCfg = Release|Any CPU
		{3D640E34-5050-4B96-8800-315FF9EB5E23}.Release|Any CPU.Build.0 = Release|Any CPU
		{3D640E34-5050-4B96-8800-315FF9EB5E23}.Release|Mixed Platforms.ActiveCfg = Release|Any CPU
		{3D640E34-5050-4B96-8800-315FF9EB5E23}.Release|Mixed Platforms.Build.0 = Release|Any CPU
		{0ED67C0E-B710-44E5-8F87-59838E5BDBF6}.Debug|.NET.ActiveCfg = Debug|Any CPU
		{0ED67C0E-B710-44E5-8F87-59838E5BDBF6}.Debug|Any CPU.ActiveCfg = Debug|Any CPU
		{0ED67C0E-B710-44E5-8F87-59838E5BDBF6}.Debug|Any CPU.Build.0 = Debug|Any CPU
		{0ED67C0E-B710-44E5-8F87-59838E5BDBF6}.Debug|Mixed Platforms.ActiveCfg = Debug|Any CPU
		{0ED67C0E-B710-44E5-8F87-59838E5BDBF6}.Debug|Mixed Platforms.Build.0 = Debug|Any CPU
		{0ED67C0E-B710-44E5-8F87-59838E5BDBF6}.Release|.NET.ActiveCfg = Release|Any CPU
		{0ED67C0E-B710-44E5-8F87-59838E5BDBF6}.Release|Any CPU.ActiveCfg = Release|Any CPU
		{0ED67C0E-B710-44E5-8F87-59838E5BDBF6}.Release|Any CPU.Build.0 = Release|Any CPU
		{0ED67C0E-B710-44E5-8F87-59838E5BDBF6}.Release|Mixed Platforms.ActiveCfg = Release|Any CPU
		{0ED67C0E-B710-44E5-8F87-59838E5BDBF6}.Release|Mixed Platforms.Build.0 = Release|Any CPU
		{78FD809C-43FE-43EF-9A1E-AE91F358585D}.Debug|.NET.ActiveCfg = Debug|Any CPU
		{78FD809C-43FE-43EF-9A1E-AE91F358585D}.Debug|Any CPU.ActiveCfg = Debug|Any CPU
		{78FD809C-43FE-43EF-9A1E-AE91F358585D}.Debug|Any CPU.Build.0 = Debug|Any CPU
		{78FD809C-43FE-43EF-9A1E-AE91F358585D}.Debug|Mixed Platforms.ActiveCfg = Debug|Any CPU
		{78FD809C-43FE-43EF-9A1E-AE91F358585D}.Debug|Mixed Platforms.Build.0 = Debug|Any CPU
		{78FD809C-43FE-43EF-9A1E-AE91F358585D}.Release|.NET.ActiveCfg = Release|Any CPU
		{78FD809C-43FE-43EF-9A1E-AE91F358585D}.Release|Any CPU.ActiveCfg = Release|Any CPU
		{78FD809C-43FE-43EF-9A1E-AE91F358585D}.Release|Any CPU.Build.0 = Release|Any CPU
		{78FD809C-43FE-43EF-9A1E-AE91F358585D}.Release|Mixed Platforms.ActiveCfg = Release|Any CPU
		{78FD809C-43FE-43EF-9A1E-AE91F358585D}.Release|Mixed Platforms.Build.0 = Release|Any CPU
		{B3EF95AE-944A-4638-AFC6-80786C724214}.Debug|.NET.ActiveCfg = Debug|Any CPU
		{B3EF95AE-944A-4638-AFC6-80786C724214}.Debug|Any CPU.ActiveCfg = Debug|Any CPU
		{B3EF95AE-944A-4638-AFC6-80786C724214}.Debug|Any CPU.Build.0 = Debug|Any CPU
		{B3EF95AE-944A-4638-AFC6-80786C724214}.Debug|Mixed Platforms.ActiveCfg = Debug|Any CPU
		{B3EF95AE-944A-4638-AFC6-80786C724214}.Debug|Mixed Platforms.Build.0 = Debug|Any CPU
		{B3EF95AE-944A-4638-AFC6-80786C724214}.Release|.NET.ActiveCfg = Release|Any CPU
		{B3EF95AE-944A-4638-AFC6-80786C724214}.Release|Any CPU.ActiveCfg = Release|Any CPU
		{B3EF95AE-944A-4638-AFC6-80786C724214}.Release|Any CPU.Build.0 = Release|Any CPU
		{B3EF95AE-944A-4638-AFC6-80786C724214}.Release|Mixed Platforms.ActiveCfg = Release|Any CPU
		{B3EF95AE-944A-4638-AFC6-80786C724214}.Release|Mixed Platforms.Build.0 = Release|Any CPU
		{16229504-2E90-42E7-9BE9-185725FEC76E}.Debug|.NET.ActiveCfg = Debug|Any CPU
		{16229504-2E90-42E7-9BE9-185725FEC76E}.Debug|Any CPU.ActiveCfg = Debug|Any CPU
		{16229504-2E90-42E7-9BE9-185725FEC76E}.Debug|Any CPU.Build.0 = Debug|Any CPU
		{16229504-2E90-42E7-9BE9-185725FEC76E}.Debug|Mixed Platforms.ActiveCfg = Debug|Any CPU
		{16229504-2E90-42E7-9BE9-185725FEC76E}.Debug|Mixed Platforms.Build.0 = Debug|Any CPU
		{16229504-2E90-42E7-9BE9-185725FEC76E}.Release|.NET.ActiveCfg = Release|Any CPU
		{16229504-2E90-42E7-9BE9-185725FEC76E}.Release|Any CPU.ActiveCfg = Release|Any CPU
		{16229504-2E90-42E7-9BE9-185725FEC76E}.Release|Any CPU.Build.0 = Release|Any CPU
		{16229504-2E90-42E7-9BE9-185725FEC76E}.Release|Mixed Platforms.ActiveCfg = Release|Any CPU
		{16229504-2E90-42E7-9BE9-185725FEC76E}.Release|Mixed Platforms.Build.0 = Release|Any CPU
		{263E5EB9-C901-442F-8E3E-7CE38B59D8F2}.Debug|.NET.ActiveCfg = Debug|Any CPU
		{263E5EB9-C901-442F-8E3E-7CE38B59D8F2}.Debug|Any CPU.ActiveCfg = Debug|Any CPU
		{263E5EB9-C901-442F-8E3E-7CE38B59D8F2}.Debug|Any CPU.Build.0 = Debug|Any CPU
		{263E5EB9-C901-442F-8E3E-7CE38B59D8F2}.Debug|Mixed Platforms.ActiveCfg = Debug|Any CPU
		{263E5EB9-C901-442F-8E3E-7CE38B59D8F2}.Debug|Mixed Platforms.Build.0 = Debug|Any CPU
		{263E5EB9-C901-442F-8E3E-7CE38B59D8F2}.Release|.NET.ActiveCfg = Release|Any CPU
		{263E5EB9-C901-442F-8E3E-7CE38B59D8F2}.Release|Any CPU.ActiveCfg = Release|Any CPU
		{263E5EB9-C901-442F-8E3E-7CE38B59D8F2}.Release|Any CPU.Build.0 = Release|Any CPU
		{263E5EB9-C901-442F-8E3E-7CE38B59D8F2}.Release|Mixed Platforms.ActiveCfg = Release|Any CPU
		{263E5EB9-C901-442F-8E3E-7CE38B59D8F2}.Release|Mixed Platforms.Build.0 = Release|Any CPU
		{2F038593-3BCA-48F7-AFFE-796F1DE0CAB1}.Debug|.NET.ActiveCfg = Debug|Any CPU
		{2F038593-3BCA-48F7-AFFE-796F1DE0CAB1}.Debug|Any CPU.ActiveCfg = Debug|Any CPU
		{2F038593-3BCA-48F7-AFFE-796F1DE0CAB1}.Debug|Any CPU.Build.0 = Debug|Any CPU
		{2F038593-3BCA-48F7-AFFE-796F1DE0CAB1}.Debug|Mixed Platforms.ActiveCfg = Debug|Any CPU
		{2F038593-3BCA-48F7-AFFE-796F1DE0CAB1}.Debug|Mixed Platforms.Build.0 = Debug|Any CPU
		{2F038593-3BCA-48F7-AFFE-796F1DE0CAB1}.Release|.NET.ActiveCfg = Release|Any CPU
		{2F038593-3BCA-48F7-AFFE-796F1DE0CAB1}.Release|Any CPU.ActiveCfg = Release|Any CPU
		{2F038593-3BCA-48F7-AFFE-796F1DE0CAB1}.Release|Any CPU.Build.0 = Release|Any CPU
		{2F038593-3BCA-48F7-AFFE-796F1DE0CAB1}.Release|Mixed Platforms.ActiveCfg = Release|Any CPU
		{2F038593-3BCA-48F7-AFFE-796F1DE0CAB1}.Release|Mixed Platforms.Build.0 = Release|Any CPU
		{52D7457C-FD3A-4F39-9704-FF66A7A5F00A}.Debug|.NET.ActiveCfg = Debug|Any CPU
		{52D7457C-FD3A-4F39-9704-FF66A7A5F00A}.Debug|Any CPU.ActiveCfg = Debug|Any CPU
		{52D7457C-FD3A-4F39-9704-FF66A7A5F00A}.Debug|Any CPU.Build.0 = Debug|Any CPU
		{52D7457C-FD3A-4F39-9704-FF66A7A5F00A}.Debug|Mixed Platforms.ActiveCfg = Debug|Any CPU
		{52D7457C-FD3A-4F39-9704-FF66A7A5F00A}.Debug|Mixed Platforms.Build.0 = Debug|Any CPU
		{52D7457C-FD3A-4F39-9704-FF66A7A5F00A}.Release|.NET.ActiveCfg = Release|Any CPU
		{52D7457C-FD3A-4F39-9704-FF66A7A5F00A}.Release|Any CPU.ActiveCfg = Release|Any CPU
		{52D7457C-FD3A-4F39-9704-FF66A7A5F00A}.Release|Any CPU.Build.0 = Release|Any CPU
		{52D7457C-FD3A-4F39-9704-FF66A7A5F00A}.Release|Mixed Platforms.ActiveCfg = Release|Any CPU
		{52D7457C-FD3A-4F39-9704-FF66A7A5F00A}.Release|Mixed Platforms.Build.0 = Release|Any CPU
		{99CE6BCE-80F4-4749-B551-C0156DC23073}.Debug|.NET.ActiveCfg = Debug|Any CPU
		{99CE6BCE-80F4-4749-B551-C0156DC23073}.Debug|Any CPU.ActiveCfg = Debug|Any CPU
		{99CE6BCE-80F4-4749-B551-C0156DC23073}.Debug|Any CPU.Build.0 = Debug|Any CPU
		{99CE6BCE-80F4-4749-B551-C0156DC23073}.Debug|Mixed Platforms.ActiveCfg = Debug|Any CPU
		{99CE6BCE-80F4-4749-B551-C0156DC23073}.Debug|Mixed Platforms.Build.0 = Debug|Any CPU
		{99CE6BCE-80F4-4749-B551-C0156DC23073}.Release|.NET.ActiveCfg = Release|Any CPU
		{99CE6BCE-80F4-4749-B551-C0156DC23073}.Release|Any CPU.ActiveCfg = Release|Any CPU
		{99CE6BCE-80F4-4749-B551-C0156DC23073}.Release|Any CPU.Build.0 = Release|Any CPU
		{99CE6BCE-80F4-4749-B551-C0156DC23073}.Release|Mixed Platforms.ActiveCfg = Release|Any CPU
		{99CE6BCE-80F4-4749-B551-C0156DC23073}.Release|Mixed Platforms.Build.0 = Release|Any CPU
		{60CB7D74-7627-4863-929A-35A236B18CBD}.Debug|.NET.ActiveCfg = Debug|Any CPU
		{60CB7D74-7627-4863-929A-35A236B18CBD}.Debug|Any CPU.ActiveCfg = Debug|Any CPU
		{60CB7D74-7627-4863-929A-35A236B18CBD}.Debug|Any CPU.Build.0 = Debug|Any CPU
		{60CB7D74-7627-4863-929A-35A236B18CBD}.Debug|Mixed Platforms.ActiveCfg = Debug|Any CPU
		{60CB7D74-7627-4863-929A-35A236B18CBD}.Debug|Mixed Platforms.Build.0 = Debug|Any CPU
		{60CB7D74-7627-4863-929A-35A236B18CBD}.Release|.NET.ActiveCfg = Release|Any CPU
		{60CB7D74-7627-4863-929A-35A236B18CBD}.Release|Any CPU.ActiveCfg = Release|Any CPU
		{60CB7D74-7627-4863-929A-35A236B18CBD}.Release|Any CPU.Build.0 = Release|Any CPU
		{60CB7D74-7627-4863-929A-35A236B18CBD}.Release|Mixed Platforms.ActiveCfg = Release|Any CPU
		{60CB7D74-7627-4863-929A-35A236B18CBD}.Release|Mixed Platforms.Build.0 = Release|Any CPU
		{72660756-83A0-4768-913F-BB9ED585DC96}.Debug|.NET.ActiveCfg = Debug|Any CPU
		{72660756-83A0-4768-913F-BB9ED585DC96}.Debug|Any CPU.ActiveCfg = Debug|Any CPU
		{72660756-83A0-4768-913F-BB9ED585DC96}.Debug|Any CPU.Build.0 = Debug|Any CPU
		{72660756-83A0-4768-913F-BB9ED585DC96}.Debug|Mixed Platforms.ActiveCfg = Debug|Any CPU
		{72660756-83A0-4768-913F-BB9ED585DC96}.Debug|Mixed Platforms.Build.0 = Debug|Any CPU
		{72660756-83A0-4768-913F-BB9ED585DC96}.Release|.NET.ActiveCfg = Release|Any CPU
		{72660756-83A0-4768-913F-BB9ED585DC96}.Release|Any CPU.ActiveCfg = Release|Any CPU
		{72660756-83A0-4768-913F-BB9ED585DC96}.Release|Any CPU.Build.0 = Release|Any CPU
		{72660756-83A0-4768-913F-BB9ED585DC96}.Release|Mixed Platforms.ActiveCfg = Release|Any CPU
		{72660756-83A0-4768-913F-BB9ED585DC96}.Release|Mixed Platforms.Build.0 = Release|Any CPU
		{B76D8E45-B21F-4A00-89D4-E3EBE6A05D89}.Debug|.NET.ActiveCfg = Debug|Any CPU
		{B76D8E45-B21F-4A00-89D4-E3EBE6A05D89}.Debug|Any CPU.ActiveCfg = Debug|Any CPU
		{B76D8E45-B21F-4A00-89D4-E3EBE6A05D89}.Debug|Any CPU.Build.0 = Debug|Any CPU
		{B76D8E45-B21F-4A00-89D4-E3EBE6A05D89}.Debug|Mixed Platforms.ActiveCfg = Debug|Any CPU
		{B76D8E45-B21F-4A00-89D4-E3EBE6A05D89}.Debug|Mixed Platforms.Build.0 = Debug|Any CPU
		{B76D8E45-B21F-4A00-89D4-E3EBE6A05D89}.Release|.NET.ActiveCfg = Release|Any CPU
		{B76D8E45-B21F-4A00-89D4-E3EBE6A05D89}.Release|Any CPU.ActiveCfg = Release|Any CPU
		{B76D8E45-B21F-4A00-89D4-E3EBE6A05D89}.Release|Any CPU.Build.0 = Release|Any CPU
		{B76D8E45-B21F-4A00-89D4-E3EBE6A05D89}.Release|Mixed Platforms.ActiveCfg = Release|Any CPU
		{B76D8E45-B21F-4A00-89D4-E3EBE6A05D89}.Release|Mixed Platforms.Build.0 = Release|Any CPU
		{829C4CE6-21DE-4A18-ACE1-652897B0AADF}.Debug|.NET.ActiveCfg = Debug|Any CPU
		{829C4CE6-21DE-4A18-ACE1-652897B0AADF}.Debug|Any CPU.ActiveCfg = Debug|Any CPU
		{829C4CE6-21DE-4A18-ACE1-652897B0AADF}.Debug|Any CPU.Build.0 = Debug|Any CPU
		{829C4CE6-21DE-4A18-ACE1-652897B0AADF}.Debug|Mixed Platforms.ActiveCfg = Debug|Any CPU
		{829C4CE6-21DE-4A18-ACE1-652897B0AADF}.Debug|Mixed Platforms.Build.0 = Debug|Any CPU
		{829C4CE6-21DE-4A18-ACE1-652897B0AADF}.Release|.NET.ActiveCfg = Release|Any CPU
		{829C4CE6-21DE-4A18-ACE1-652897B0AADF}.Release|Any CPU.ActiveCfg = Release|Any CPU
		{829C4CE6-21DE-4A18-ACE1-652897B0AADF}.Release|Any CPU.Build.0 = Release|Any CPU
		{829C4CE6-21DE-4A18-ACE1-652897B0AADF}.Release|Mixed Platforms.ActiveCfg = Release|Any CPU
		{829C4CE6-21DE-4A18-ACE1-652897B0AADF}.Release|Mixed Platforms.Build.0 = Release|Any CPU
		{6D2FC493-1326-49A6-903F-E6F775A57CCE}.Debug|.NET.ActiveCfg = Debug|Any CPU
		{6D2FC493-1326-49A6-903F-E6F775A57CCE}.Debug|Any CPU.ActiveCfg = Debug|Any CPU
		{6D2FC493-1326-49A6-903F-E6F775A57CCE}.Debug|Any CPU.Build.0 = Debug|Any CPU
		{6D2FC493-1326-49A6-903F-E6F775A57CCE}.Debug|Mixed Platforms.ActiveCfg = Debug|Any CPU
		{6D2FC493-1326-49A6-903F-E6F775A57CCE}.Debug|Mixed Platforms.Build.0 = Debug|Any CPU
		{6D2FC493-1326-49A6-903F-E6F775A57CCE}.Release|.NET.ActiveCfg = Release|Any CPU
		{6D2FC493-1326-49A6-903F-E6F775A57CCE}.Release|Any CPU.ActiveCfg = Release|Any CPU
		{6D2FC493-1326-49A6-903F-E6F775A57CCE}.Release|Any CPU.Build.0 = Release|Any CPU
		{6D2FC493-1326-49A6-903F-E6F775A57CCE}.Release|Mixed Platforms.ActiveCfg = Release|Any CPU
		{6D2FC493-1326-49A6-903F-E6F775A57CCE}.Release|Mixed Platforms.Build.0 = Release|Any CPU
	EndGlobalSection
	GlobalSection(SolutionProperties) = preSolution
		HideSolutionNode = FALSE
	EndGlobalSection
	GlobalSection(NestedProjects) = preSolution
		{F998A3EB-A7C8-4572-ACE2-FD58F6E9562B} = {543FA872-0A4C-4081-8A71-7269977B1B1C}
		{AA674935-EE79-4A95-A13B-1E5CE8738B56} = {543FA872-0A4C-4081-8A71-7269977B1B1C}
		{3D640E34-5050-4B96-8800-315FF9EB5E23} = {543FA872-0A4C-4081-8A71-7269977B1B1C}
		{0ED67C0E-B710-44E5-8F87-59838E5BDBF6} = {543FA872-0A4C-4081-8A71-7269977B1B1C}
		{78FD809C-43FE-43EF-9A1E-AE91F358585D} = {543FA872-0A4C-4081-8A71-7269977B1B1C}
		{B3EF95AE-944A-4638-AFC6-80786C724214} = {543FA872-0A4C-4081-8A71-7269977B1B1C}
		{16229504-2E90-42E7-9BE9-185725FEC76E} = {543FA872-0A4C-4081-8A71-7269977B1B1C}
		{263E5EB9-C901-442F-8E3E-7CE38B59D8F2} = {543FA872-0A4C-4081-8A71-7269977B1B1C}
		{2F038593-3BCA-48F7-AFFE-796F1DE0CAB1} = {543FA872-0A4C-4081-8A71-7269977B1B1C}
		{52D7457C-FD3A-4F39-9704-FF66A7A5F00A} = {543FA872-0A4C-4081-8A71-7269977B1B1C}
		{99CE6BCE-80F4-4749-B551-C0156DC23073} = {543FA872-0A4C-4081-8A71-7269977B1B1C}
		{60CB7D74-7627-4863-929A-35A236B18CBD} = {543FA872-0A4C-4081-8A71-7269977B1B1C}
		{72660756-83A0-4768-913F-BB9ED585DC96} = {543FA872-0A4C-4081-8A71-7269977B1B1C}
		{829C4CE6-21DE-4A18-ACE1-652897B0AADF} = {543FA872-0A4C-4081-8A71-7269977B1B1C}
		{6D2FC493-1326-49A6-903F-E6F775A57CCE} = {543FA872-0A4C-4081-8A71-7269977B1B1C}
	EndGlobalSection
EndGlobal
